// !$*UTF8*$!
{
	archiveVersion = 1;
	classes = {
	};
	objectVersion = 50;
	objects = {

/* Begin PBXBuildFile section */
		239315AD207DBB33004B0AA0 /* AppDelegate.swift in Sources */ = {isa = PBXBuildFile; fileRef = 239315AC207DBB33004B0AA0 /* AppDelegate.swift */; };
		239315AF207DBB33004B0AA0 /* ViewController.swift in Sources */ = {isa = PBXBuildFile; fileRef = 239315AE207DBB33004B0AA0 /* ViewController.swift */; };
		239315B2207DBB33004B0AA0 /* Main.storyboard in Resources */ = {isa = PBXBuildFile; fileRef = 239315B0207DBB33004B0AA0 /* Main.storyboard */; };
		239315B4207DBB34004B0AA0 /* Assets.xcassets in Resources */ = {isa = PBXBuildFile; fileRef = 239315B3207DBB34004B0AA0 /* Assets.xcassets */; };
		239315B7207DBB34004B0AA0 /* LaunchScreen.storyboard in Resources */ = {isa = PBXBuildFile; fileRef = 239315B5207DBB34004B0AA0 /* LaunchScreen.storyboard */; };
		239315BF207DBB89004B0AA0 /* Book.swift in Sources */ = {isa = PBXBuildFile; fileRef = 239315BE207DBB89004B0AA0 /* Book.swift */; };
/* End PBXBuildFile section */

/* Begin PBXFileReference section */
		239315A9207DBB33004B0AA0 /* Library of Alexandria.app */ = {isa = PBXFileReference; explicitFileType = wrapper.application; includeInIndex = 0; path = "Library of Alexandria.app"; sourceTree = BUILT_PRODUCTS_DIR; };
		239315AC207DBB33004B0AA0 /* AppDelegate.swift */ = {isa = PBXFileReference; lastKnownFileType = sourcecode.swift; path = AppDelegate.swift; sourceTree = "<group>"; };
		239315AE207DBB33004B0AA0 /* ViewController.swift */ = {isa = PBXFileReference; lastKnownFileType = sourcecode.swift; path = ViewController.swift; sourceTree = "<group>"; };
		239315B1207DBB33004B0AA0 /* Base */ = {isa = PBXFileReference; lastKnownFileType = file.storyboard; name = Base; path = Base.lproj/Main.storyboard; sourceTree = "<group>"; };
		239315B3207DBB34004B0AA0 /* Assets.xcassets */ = {isa = PBXFileReference; lastKnownFileType = folder.assetcatalog; path = Assets.xcassets; sourceTree = "<group>"; };
		239315B6207DBB34004B0AA0 /* Base */ = {isa = PBXFileReference; lastKnownFileType = file.storyboard; name = Base; path = Base.lproj/LaunchScreen.storyboard; sourceTree = "<group>"; };
		239315B8207DBB34004B0AA0 /* Info.plist */ = {isa = PBXFileReference; lastKnownFileType = text.plist.xml; path = Info.plist; sourceTree = "<group>"; };
		239315BE207DBB89004B0AA0 /* Book.swift */ = {isa = PBXFileReference; lastKnownFileType = sourcecode.swift; path = Book.swift; sourceTree = "<group>"; };
/* End PBXFileReference section */

/* Begin PBXFrameworksBuildPhase section */
		239315A6207DBB33004B0AA0 /* Frameworks */ = {
			isa = PBXFrameworksBuildPhase;
			buildActionMask = 2147483647;
			files = (
			);
			runOnlyForDeploymentPostprocessing = 0;
		};
/* End PBXFrameworksBuildPhase section */

/* Begin PBXGroup section */
		239315A0207DBB33004B0AA0 = {
			isa = PBXGroup;
			children = (
				239315BE207DBB89004B0AA0 /* Book.swift */,
				239315AB207DBB33004B0AA0 /* Library of Alexandria */,
				239315AA207DBB33004B0AA0 /* Products */,
			);
			sourceTree = "<group>";
		};
		239315AA207DBB33004B0AA0 /* Products */ = {
			isa = PBXGroup;
			children = (
				239315A9207DBB33004B0AA0 /* Library of Alexandria.app */,
			);
			name = Products;
			sourceTree = "<group>";
		};
		239315AB207DBB33004B0AA0 /* Library of Alexandria */ = {
			isa = PBXGroup;
			children = (
				239315AC207DBB33004B0AA0 /* AppDelegate.swift */,
				239315AE207DBB33004B0AA0 /* ViewController.swift */,
				239315B0207DBB33004B0AA0 /* Main.storyboard */,
				239315B3207DBB34004B0AA0 /* Assets.xcassets */,
				239315B5207DBB34004B0AA0 /* LaunchScreen.storyboard */,
				239315B8207DBB34004B0AA0 /* Info.plist */,
			);
			path = "Library of Alexandria";
			sourceTree = "<group>";
		};
/* End PBXGroup section */

/* Begin PBXNativeTarget section */
		239315A8207DBB33004B0AA0 /* Library of Alexandria */ = {
			isa = PBXNativeTarget;
			buildConfigurationList = 239315BB207DBB34004B0AA0 /* Build configuration list for PBXNativeTarget "Library of Alexandria" */;
			buildPhases = (
				239315A5207DBB33004B0AA0 /* Sources */,
				239315A6207DBB33004B0AA0 /* Frameworks */,
				239315A7207DBB33004B0AA0 /* Resources */,
			);
			buildRules = (
			);
			dependencies = (
			);
			name = "Library of Alexandria";
			productName = "Library of Alexandria";
			productReference = 239315A9207DBB33004B0AA0 /* Library of Alexandria.app */;
			productType = "com.apple.product-type.application";
		};
/* End PBXNativeTarget section */

/* Begin PBXProject section */
		239315A1207DBB33004B0AA0 /* Project object */ = {
			isa = PBXProject;
			attributes = {
				LastSwiftUpdateCheck = 0930;
				LastUpgradeCheck = 0930;
				ORGANIZATIONNAME = mtwil3;
				TargetAttributes = {
					239315A8207DBB33004B0AA0 = {
						CreatedOnToolsVersion = 9.3;
					};
				};
			};
			buildConfigurationList = 239315A4207DBB33004B0AA0 /* Build configuration list for PBXProject "Library of Alexandria" */;
			compatibilityVersion = "Xcode 9.3";
			developmentRegion = en;
			hasScannedForEncodings = 0;
			knownRegions = (
				en,
				Base,
			);
			mainGroup = 239315A0207DBB33004B0AA0;
			productRefGroup = 239315AA207DBB33004B0AA0 /* Products */;
			projectDirPath = "";
			projectRoot = "";
			targets = (
				239315A8207DBB33004B0AA0 /* Library of Alexandria */,
			);
		};
/* End PBXProject section */

/* Begin PBXResourcesBuildPhase section */
		239315A7207DBB33004B0AA0 /* Resources */ = {
			isa = PBXResourcesBuildPhase;
			buildActionMask = 2147483647;
			files = (
				239315B7207DBB34004B0AA0 /* LaunchScreen.storyboard in Resources */,
				239315B4207DBB34004B0AA0 /* Assets.xcassets in Resources */,
				239315B2207DBB33004B0AA0 /* Main.storyboard in Resources */,
			);
			runOnlyForDeploymentPostprocessing = 0;
		};
/* End PBXResourcesBuildPhase section */

/* Begin PBXSourcesBuildPhase section */
		239315A5207DBB33004B0AA0 /* Sources */ = {
			isa = PBXSourcesBuildPhase;
			buildActionMask = 2147483647;
			files = (
				239315AF207DBB33004B0AA0 /* ViewController.swift in Sources */,
				239315AD207DBB33004B0AA0 /* AppDelegate.swift in Sources */,
				239315BF207DBB89004B0AA0 /* Book.swift in Sources */,
			);
			runOnlyForDeploymentPostprocessing = 0;
		};
/* End PBXSourcesBuildPhase section */

/* Begin PBXVariantGroup section */
		239315B0207DBB33004B0AA0 /* Main.storyboard */ = {
			isa = PBXVariantGroup;
			children = (
				239315B1207DBB33004B0AA0 /* Base */,
			);
			name = Main.storyboard;
			sourceTree = "<group>";
		};
		239315B5207DBB34004B0AA0 /* LaunchScreen.storyboard */ = {
			isa = PBXVariantGroup;
			children = (
				239315B6207DBB34004B0AA0 /* Base */,
			);
			name = LaunchScreen.storyboard;
			sourceTree = "<group>";
		};
/* End PBXVariantGroup section */

/* Begin XCBuildConfiguration section */
		239315B9207DBB34004B0AA0 /* Debug */ = {
			isa = XCBuildConfiguration;
			buildSettings = {
				ALWAYS_SEARCH_USER_PATHS = NO;
				CLANG_ANALYZER_NONNULL = YES;
				CLANG_ANALYZER_NUMBER_OBJECT_CONVERSION = YES_AGGRESSIVE;
				CLANG_CXX_LANGUAGE_STANDARD = "gnu++14";
				CLANG_CXX_LIBRARY = "libc++";
				CLANG_ENABLE_MODULES = YES;
				CLANG_ENABLE_OBJC_ARC = YES;
				CLANG_ENABLE_OBJC_WEAK = YES;
				CLANG_WARN_BLOCK_CAPTURE_AUTORELEASING = YES;
				CLANG_WARN_BOOL_CONVERSION = YES;
				CLANG_WARN_COMMA = YES;
				CLANG_WARN_CONSTANT_CONVERSION = YES;
				CLANG_WARN_DEPRECATED_OBJC_IMPLEMENTATIONS = YES;
				CLANG_WARN_DIRECT_OBJC_ISA_USAGE = YES_ERROR;
				CLANG_WARN_DOCUMENTATION_COMMENTS = YES;
				CLANG_WARN_EMPTY_BODY = YES;
				CLANG_WARN_ENUM_CONVERSION = YES;
				CLANG_WARN_INFINITE_RECURSION = YES;
				CLANG_WARN_INT_CONVERSION = YES;
				CLANG_WARN_NON_LITERAL_NULL_CONVERSION = YES;
				CLANG_WARN_OBJC_IMPLICIT_RETAIN_SELF = YES;
				CLANG_WARN_OBJC_LITERAL_CONVERSION = YES;
				CLANG_WARN_OBJC_ROOT_CLASS = YES_ERROR;
				CLANG_WARN_RANGE_LOOP_ANALYSIS = YES;
				CLANG_WARN_STRICT_PROTOTYPES = YES;
				CLANG_WARN_SUSPICIOUS_MOVE = YES;
				CLANG_WARN_UNGUARDED_AVAILABILITY = YES_AGGRESSIVE;
				CLANG_WARN_UNREACHABLE_CODE = YES;
				CLANG_WARN__DUPLICATE_METHOD_MATCH = YES;
				CODE_SIGN_IDENTITY = "iPhone Developer";
				COPY_PHASE_STRIP = NO;
				DEBUG_INFORMATION_FORMAT = dwarf;
				ENABLE_STRICT_OBJC_MSGSEND = YES;
				ENABLE_TESTABILITY = YES;
				GCC_C_LANGUAGE_STANDARD = gnu11;
				GCC_DYNAMIC_NO_PIC = NO;
				GCC_NO_COMMON_BLOCKS = YES;
				GCC_OPTIMIZATION_LEVEL = 0;
				GCC_PREPROCESSOR_DEFINITIONS = (
					"DEBUG=1",
					"$(inherited)",
				);
				GCC_WARN_64_TO_32_BIT_CONVERSION = YES;
				GCC_WARN_ABOUT_RETURN_TYPE = YES_ERROR;
				GCC_WARN_UNDECLARED_SELECTOR = YES;
				GCC_WARN_UNINITIALIZED_AUTOS = YES_AGGRESSIVE;
				GCC_WARN_UNUSED_FUNCTION = YES;
				GCC_WARN_UNUSED_VARIABLE = YES;
				IPHONEOS_DEPLOYMENT_TARGET = 11.3;
				MTL_ENABLE_DEBUG_INFO = YES;
				ONLY_ACTIVE_ARCH = YES;
				SDKROOT = iphoneos;
				SWIFT_ACTIVE_COMPILATION_CONDITIONS = DEBUG;
				SWIFT_OPTIMIZATION_LEVEL = "-Onone";
			};
			name = Debug;
		};
		239315BA207DBB34004B0AA0 /* Release */ = {
			isa = XCBuildConfiguration;
			buildSettings = {
				ALWAYS_SEARCH_USER_PATHS = NO;
				CLANG_ANALYZER_NONNULL = YES;
				CLANG_ANALYZER_NUMBER_OBJECT_CONVERSION = YES_AGGRESSIVE;
				CLANG_CXX_LANGUAGE_STANDARD = "gnu++14";
				CLANG_CXX_LIBRARY = "libc++";
				CLANG_ENABLE_MODULES = YES;
				CLANG_ENABLE_OBJC_ARC = YES;
				CLANG_ENABLE_OBJC_WEAK = YES;
				CLANG_WARN_BLOCK_CAPTURE_AUTORELEASING = YES;
				CLANG_WARN_BOOL_CONVERSION = YES;
				CLANG_WARN_COMMA = YES;
				CLANG_WARN_CONSTANT_CONVERSION = YES;
				CLANG_WARN_DEPRECATED_OBJC_IMPLEMENTATIONS = YES;
				CLANG_WARN_DIRECT_OBJC_ISA_USAGE = YES_ERROR;
				CLANG_WARN_DOCUMENTATION_COMMENTS = YES;
				CLANG_WARN_EMPTY_BODY = YES;
				CLANG_WARN_ENUM_CONVERSION = YES;
				CLANG_WARN_INFINITE_RECURSION = YES;
				CLANG_WARN_INT_CONVERSION = YES;
				CLANG_WARN_NON_LITERAL_NULL_CONVERSION = YES;
				CLANG_WARN_OBJC_IMPLICIT_RETAIN_SELF = YES;
				CLANG_WARN_OBJC_LITERAL_CONVERSION = YES;
				CLANG_WARN_OBJC_ROOT_CLASS = YES_ERROR;
				CLANG_WARN_RANGE_LOOP_ANALYSIS = YES;
				CLANG_WARN_STRICT_PROTOTYPES = YES;
				CLANG_WARN_SUSPICIOUS_MOVE = YES;
				CLANG_WARN_UNGUARDED_AVAILABILITY = YES_AGGRESSIVE;
				CLANG_WARN_UNREACHABLE_CODE = YES;
				CLANG_WARN__DUPLICATE_METHOD_MATCH = YES;
				CODE_SIGN_IDENTITY = "iPhone Developer";
				COPY_PHASE_STRIP = NO;
				DEBUG_INFORMATION_FORMAT = "dwarf-with-dsym";
				ENABLE_NS_ASSERTIONS = NO;
				ENABLE_STRICT_OBJC_MSGSEND = YES;
				GCC_C_LANGUAGE_STANDARD = gnu11;
				GCC_NO_COMMON_BLOCKS = YES;
				GCC_WARN_64_TO_32_BIT_CONVERSION = YES;
				GCC_WARN_ABOUT_RETURN_TYPE = YES_ERROR;
				GCC_WARN_UNDECLARED_SELECTOR = YES;
				GCC_WARN_UNINITIALIZED_AUTOS = YES_AGGRESSIVE;
				GCC_WARN_UNUSED_FUNCTION = YES;
				GCC_WARN_UNUSED_VARIABLE = YES;
				IPHONEOS_DEPLOYMENT_TARGET = 11.3;
				MTL_ENABLE_DEBUG_INFO = NO;
				SDKROOT = iphoneos;
				SWIFT_COMPILATION_MODE = wholemodule;
				SWIFT_OPTIMIZATION_LEVEL = "-O";
				VALIDATE_PRODUCT = YES;
			};
			name = Release;
		};
		239315BC207DBB34004B0AA0 /* Debug */ = {
			isa = XCBuildConfiguration;
			buildSettings = {
				ASSETCATALOG_COMPILER_APPICON_NAME = AppIcon;
				CODE_SIGN_STYLE = Automatic;
				INFOPLIST_FILE = "Library of Alexandria/Info.plist";
				LD_RUNPATH_SEARCH_PATHS = (
					"$(inherited)",
					"@executable_path/Frameworks",
				);
				PRODUCT_BUNDLE_IDENTIFIER = "com.mtwil3.Library-of-Alexandria";
				PRODUCT_NAME = "$(TARGET_NAME)";
				SWIFT_VERSION = 4.0;
				TARGETED_DEVICE_FAMILY = "1,2";
			};
			name = Debug;
		};
		239315BD207DBB34004B0AA0 /* Release */ = {
			isa = XCBuildConfiguration;
			buildSettings = {
				ASSETCATALOG_COMPILER_APPICON_NAME = AppIcon;
				CODE_SIGN_STYLE = Automatic;
				INFOPLIST_FILE = "Library of Alexandria/Info.plist";
				LD_RUNPATH_SEARCH_PATHS = (
					"$(inherited)",
					"@executable_path/Frameworks",
				);
				PRODUCT_BUNDLE_IDENTIFIER = "com.mtwil3.Library-of-Alexandria";
				PRODUCT_NAME = "$(TARGET_NAME)";
				SWIFT_VERSION = 4.0;
				TARGETED_DEVICE_FAMILY = "1,2";
			};
			name = Release;
		};
/* End XCBuildConfiguration section */

/* Begin XCConfigurationList section */
		239315A4207DBB33004B0AA0 /* Build configuration list for PBXProject "Library of Alexandria" */ = {
			isa = XCConfigurationList;
			buildConfigurations = (
				239315B9207DBB34004B0AA0 /* Debug */,
				239315BA207DBB34004B0AA0 /* Release */,
			);
			defaultConfigurationIsVisible = 0;
			defaultConfigurationName = Release;
		};
		239315BB207DBB34004B0AA0 /* Build configuration list for PBXNativeTarget "Library of Alexandria" */ = {
			isa = XCConfigurationList;
			buildConfigurations = (
				239315BC207DBB34004B0AA0 /* Debug */,
				239315BD207DBB34004B0AA0 /* Release */,
			);
			defaultConfigurationIsVisible = 0;
			defaultConfigurationName = Release;
		};
/* End XCConfigurationList section */
	};
	rootObject = 239315A1207DBB33004B0AA0 /* Project object */;
}
